
Microsoft Visual Studio Solution File, Format Version 12.00
# Visual Studio Version 16
VisualStudioVersion = 16.0.30717.126
MinimumVisualStudioVersion = 10.0.40219.1
Project("{FAE04EC0-301F-11D3-BF4B-00C04F79EFBC}") = "PriceWebService", "PriceWebService\PriceWebService.csproj", "{E8EB35B5-EC90-4C93-BD30-6FA0CC192BAC}"
EndProject
Project("{FAE04EC0-301F-11D3-BF4B-00C04F79EFBC}") = "PriceWebService.Test", "PriceWebService.Test\PriceWebService.Test.csproj", "{6422A0E5-1312-44BC-981D-332EAD6757EF}"
EndProject
Global
	GlobalSection(SolutionConfigurationPlatforms) = preSolution
		Debug|Any CPU = Debug|Any CPU
		Release|Any CPU = Release|Any CPU
	EndGlobalSection
	GlobalSection(ProjectConfigurationPlatforms) = postSolution
		{E8EB35B5-EC90-4C93-BD30-6FA0CC192BAC}.Debug|Any CPU.ActiveCfg = Debug|Any CPU
		{E8EB35B5-EC90-4C93-BD30-6FA0CC192BAC}.Debug|Any CPU.Build.0 = Debug|Any CPU
		{E8EB35B5-EC90-4C93-BD30-6FA0CC192BAC}.Release|Any CPU.ActiveCfg = Release|Any CPU
		{E8EB35B5-EC90-4C93-BD30-6FA0CC192BAC}.Release|Any CPU.Build.0 = Release|Any CPU
		{6422A0E5-1312-44BC-981D-332EAD6757EF}.Debug|Any CPU.ActiveCfg = Debug|Any CPU
		{6422A0E5-1312-44BC-981D-332EAD6757EF}.Debug|Any CPU.Build.0 = Debug|Any CPU
		{6422A0E5-1312-44BC-981D-332EAD6757EF}.Release|Any CPU.ActiveCfg = Release|Any CPU
		{6422A0E5-1312-44BC-981D-332EAD6757EF}.Release|Any CPU.Build.0 = Release|Any CPU
	EndGlobalSection
	GlobalSection(SolutionProperties) = preSolution
		HideSolutionNode = FALSE
	EndGlobalSection
	GlobalSection(ExtensibilityGlobals) = postSolution
		SolutionGuid = {8415524E-0617-4BF3-8EA6-D054109D3444}
	EndGlobalSection
EndGlobal
